
Microsoft Visual Studio Solution File, Format Version 11.00
# Visual Studio 2010
Project("{8BC9CEB8-8B4A-11D0-8D11-00A0C91BC942}") = "SonicIMVPlayer", "SonicIMVPlayer_2010.vcxproj", "{632BD71E-6C56-4D3A-9981-0CE3A83EC86B}"
EndProject
Global
	GlobalSection(SolutionConfigurationPlatforms) = preSolution
		Debug|Win32 = Debug|Win32
		DevRelease|Win32 = DevRelease|Win32
		Release|Win32 = Release|Win32
	EndGlobalSection
	GlobalSection(ProjectConfigurationPlatforms) = postSolution
		{632BD71E-6C56-4D3A-9981-0CE3A83EC86B}.Debug|Win32.ActiveCfg = Debug|Win32
		{632BD71E-6C56-4D3A-9981-0CE3A83EC86B}.Debug|Win32.Build.0 = Debug|Win32
		{632BD71E-6C56-4D3A-9981-0CE3A83EC86B}.DevRelease|Win32.ActiveCfg = DevRelease|Win32
		{632BD71E-6C56-4D3A-9981-0CE3A83EC86B}.DevRelease|Win32.Build.0 = DevRelease|Win32
		{632BD71E-6C56-4D3A-9981-0CE3A83EC86B}.Release|Win32.ActiveCfg = Release|Win32
		{632BD71E-6C56-4D3A-9981-0CE3A83EC86B}.Release|Win32.Build.0 = Release|Win32
	EndGlobalSection
	GlobalSection(SolutionProperties) = preSolution
		HideSolutionNode = FALSE
	EndGlobalSection
EndGlobal
