
Microsoft Visual Studio Solution File, Format Version 10.00
# Visual Studio 2008
Project("{8BC9CEB8-8B4A-11D0-8D11-00A0C91BC942}") = "VPKServer", "VPKServer.vcproj", "{D98B60FC-117C-4A75-82A5-130A2C328EE1}"
EndProject
Global
	GlobalSection(SolutionConfigurationPlatforms) = preSolution
		Debug|Win32 = Debug|Win32
		Release|Win32 = Release|Win32
	EndGlobalSection
	GlobalSection(ProjectConfigurationPlatforms) = postSolution
		{D98B60FC-117C-4A75-82A5-130A2C328EE1}.Debug|Win32.ActiveCfg = Debug|Win32
		{D98B60FC-117C-4A75-82A5-130A2C328EE1}.Debug|Win32.Build.0 = Debug|Win32
		{D98B60FC-117C-4A75-82A5-130A2C328EE1}.Release|Win32.ActiveCfg = Release|Win32
		{D98B60FC-117C-4A75-82A5-130A2C328EE1}.Release|Win32.Build.0 = Release|Win32
	EndGlobalSection
	GlobalSection(SolutionProperties) = preSolution
		HideSolutionNode = FALSE
	EndGlobalSection
EndGlobal
